
Microsoft Visual Studio Solution File, Format Version 12.00
# Visual Studio Version 16
VisualStudioVersion = 16.0.30114.105
MinimumVisualStudioVersion = 10.0.40219.1
Project("{2150E333-8FDC-42A3-9474-1A3956D46DE8}") = "Library", "Library", "{294838DA-C74C-422A-9262-47E5FCBCD934}"
EndProject
Project("{FAE04EC0-301F-11D3-BF4B-00C04F79EFBC}") = "ExplogineCore", "Library\ExplogineCore\ExplogineCore.csproj", "{FCA942C8-FD71-40F0-A86B-E5775CAA5FD0}"
EndProject
Project("{FAE04EC0-301F-11D3-BF4B-00C04F79EFBC}") = "ExplogineDesktop", "Library\ExplogineDesktop\ExplogineDesktop.csproj", "{70CB3618-C194-4BA2-BCA2-469FEA991A88}"
EndProject
Project("{FAE04EC0-301F-11D3-BF4B-00C04F79EFBC}") = "ExplogineMonoGame", "Library\ExplogineMonoGame\ExplogineMonoGame.csproj", "{417B0312-503D-4C6D-9139-7623988F876E}"
EndProject
Project("{D954291E-2A0B-460D-934E-DC6B0785DB48}") = "Assets", "Library\Assets\Assets.shproj", "{A0CDBD0E-3A41-42B7-9425-A838BC2C7383}"
EndProject
Project("{2150E333-8FDC-42A3-9474-1A3956D46DE8}") = "Tools", "Tools", "{F697D481-F1B9-4EF0-B526-692CDD7450BE}"
EndProject
Project("{FAE04EC0-301F-11D3-BF4B-00C04F79EFBC}") = "AssetBuilder", "Tools\AssetBuilder\AssetBuilder.csproj", "{69D6F8AA-9B49-4097-9F8C-21F849F17321}"
EndProject
Project("{2150E333-8FDC-42A3-9474-1A3956D46DE8}") = "Tests", "Tests", "{C00E6FF3-568C-42FF-95CD-3A40CCD5B061}"
EndProject
Project("{FAE04EC0-301F-11D3-BF4B-00C04F79EFBC}") = "ExplogineCoreTests", "Tests\ExplogineCoreTests\ExplogineCoreTests.csproj", "{B4F2E994-8D4D-4B7D-856F-4FC1CABA5B16}"
EndProject
Project("{2150E333-8FDC-42A3-9474-1A3956D46DE8}") = "ExTween", "ExTween", "{9DD1DEA9-9744-4C37-B48F-BD31FEB1ABF7}"
EndProject
Project("{FAE04EC0-301F-11D3-BF4B-00C04F79EFBC}") = "ExTween", "Library\ExTween\ExTween\ExTween.csproj", "{C905F7A0-5987-452D-BD0B-2A92D669458A}"
EndProject
Project("{FAE04EC0-301F-11D3-BF4B-00C04F79EFBC}") = "ExTweenMonoGame", "Library\ExTween\ExTweenMonoGame\ExTweenMonoGame.csproj", "{DC932708-35BD-459E-9FFB-4FD1EEE2B967}"
EndProject
Project("{FAE04EC0-301F-11D3-BF4B-00C04F79EFBC}") = "TestExTween", "Tests\TestExTween\TestExTween.csproj", "{61527DFD-F737-4A4D-8459-CBCAB5DCE8B0}"
EndProject
Project("{2150E333-8FDC-42A3-9474-1A3956D46DE8}") = "Examples", "Examples", "{AC97AEDA-12FE-44D1-947E-91BA732FAA7B}"
EndProject
Project("{FAE04EC0-301F-11D3-BF4B-00C04F79EFBC}") = "SampleGame", "Examples\SampleGame\SampleGame.csproj", "{EE77D6D7-5EFC-4B76-92DD-2D5D3ED05CAF}"
EndProject
Project("{FAE04EC0-301F-11D3-BF4B-00C04F79EFBC}") = "Executor", "Tools\Executor\Executor.csproj", "{F979CDC5-CCDF-4EBE-A53D-B3AB50E95CB9}"
EndProject
Project("{FAE04EC0-301F-11D3-BF4B-00C04F79EFBC}") = "NewProject", "Tools\NewProject\NewProject.csproj", "{D3B3F577-4FAF-4080-91C4-F76F3D0C22DE}"
EndProject
Project("{FAE04EC0-301F-11D3-BF4B-00C04F79EFBC}") = "MachinaLite", "Library\MachinaLite\MachinaLite.csproj", "{4FC4095C-57B5-44CB-8EFD-86D627EC909C}"
EndProject
Global
	GlobalSection(SolutionConfigurationPlatforms) = preSolution
		Debug|Any CPU = Debug|Any CPU
		Release|Any CPU = Release|Any CPU
	EndGlobalSection
	GlobalSection(SolutionProperties) = preSolution
		HideSolutionNode = FALSE
	EndGlobalSection
	GlobalSection(ProjectConfigurationPlatforms) = postSolution
		{FCA942C8-FD71-40F0-A86B-E5775CAA5FD0}.Debug|Any CPU.ActiveCfg = Debug|Any CPU
		{FCA942C8-FD71-40F0-A86B-E5775CAA5FD0}.Debug|Any CPU.Build.0 = Debug|Any CPU
		{FCA942C8-FD71-40F0-A86B-E5775CAA5FD0}.Release|Any CPU.ActiveCfg = Release|Any CPU
		{FCA942C8-FD71-40F0-A86B-E5775CAA5FD0}.Release|Any CPU.Build.0 = Release|Any CPU
		{70CB3618-C194-4BA2-BCA2-469FEA991A88}.Debug|Any CPU.ActiveCfg = Debug|Any CPU
		{70CB3618-C194-4BA2-BCA2-469FEA991A88}.Debug|Any CPU.Build.0 = Debug|Any CPU
		{70CB3618-C194-4BA2-BCA2-469FEA991A88}.Release|Any CPU.ActiveCfg = Release|Any CPU
		{70CB3618-C194-4BA2-BCA2-469FEA991A88}.Release|Any CPU.Build.0 = Release|Any CPU
		{417B0312-503D-4C6D-9139-7623988F876E}.Debug|Any CPU.ActiveCfg = Debug|Any CPU
		{417B0312-503D-4C6D-9139-7623988F876E}.Debug|Any CPU.Build.0 = Debug|Any CPU
		{417B0312-503D-4C6D-9139-7623988F876E}.Release|Any CPU.ActiveCfg = Release|Any CPU
		{417B0312-503D-4C6D-9139-7623988F876E}.Release|Any CPU.Build.0 = Release|Any CPU
		{69D6F8AA-9B49-4097-9F8C-21F849F17321}.Debug|Any CPU.ActiveCfg = Debug|Any CPU
		{69D6F8AA-9B49-4097-9F8C-21F849F17321}.Debug|Any CPU.Build.0 = Debug|Any CPU
		{69D6F8AA-9B49-4097-9F8C-21F849F17321}.Release|Any CPU.ActiveCfg = Release|Any CPU
		{69D6F8AA-9B49-4097-9F8C-21F849F17321}.Release|Any CPU.Build.0 = Release|Any CPU
		{B4F2E994-8D4D-4B7D-856F-4FC1CABA5B16}.Debug|Any CPU.ActiveCfg = Debug|Any CPU
		{B4F2E994-8D4D-4B7D-856F-4FC1CABA5B16}.Debug|Any CPU.Build.0 = Debug|Any CPU
		{B4F2E994-8D4D-4B7D-856F-4FC1CABA5B16}.Release|Any CPU.ActiveCfg = Release|Any CPU
		{B4F2E994-8D4D-4B7D-856F-4FC1CABA5B16}.Release|Any CPU.Build.0 = Release|Any CPU
		{C905F7A0-5987-452D-BD0B-2A92D669458A}.Debug|Any CPU.ActiveCfg = Debug|Any CPU
		{C905F7A0-5987-452D-BD0B-2A92D669458A}.Debug|Any CPU.Build.0 = Debug|Any CPU
		{C905F7A0-5987-452D-BD0B-2A92D669458A}.Release|Any CPU.ActiveCfg = Release|Any CPU
		{C905F7A0-5987-452D-BD0B-2A92D669458A}.Release|Any CPU.Build.0 = Release|Any CPU
		{DC932708-35BD-459E-9FFB-4FD1EEE2B967}.Debug|Any CPU.ActiveCfg = Debug|Any CPU
		{DC932708-35BD-459E-9FFB-4FD1EEE2B967}.Debug|Any CPU.Build.0 = Debug|Any CPU
		{DC932708-35BD-459E-9FFB-4FD1EEE2B967}.Release|Any CPU.ActiveCfg = Release|Any CPU
		{DC932708-35BD-459E-9FFB-4FD1EEE2B967}.Release|Any CPU.Build.0 = Release|Any CPU
		{61527DFD-F737-4A4D-8459-CBCAB5DCE8B0}.Debug|Any CPU.ActiveCfg = Debug|Any CPU
		{61527DFD-F737-4A4D-8459-CBCAB5DCE8B0}.Debug|Any CPU.Build.0 = Debug|Any CPU
		{61527DFD-F737-4A4D-8459-CBCAB5DCE8B0}.Release|Any CPU.ActiveCfg = Release|Any CPU
		{61527DFD-F737-4A4D-8459-CBCAB5DCE8B0}.Release|Any CPU.Build.0 = Release|Any CPU
		{EE77D6D7-5EFC-4B76-92DD-2D5D3ED05CAF}.Debug|Any CPU.ActiveCfg = Debug|Any CPU
		{EE77D6D7-5EFC-4B76-92DD-2D5D3ED05CAF}.Debug|Any CPU.Build.0 = Debug|Any CPU
		{EE77D6D7-5EFC-4B76-92DD-2D5D3ED05CAF}.Release|Any CPU.ActiveCfg = Release|Any CPU
		{EE77D6D7-5EFC-4B76-92DD-2D5D3ED05CAF}.Release|Any CPU.Build.0 = Release|Any CPU
		{F979CDC5-CCDF-4EBE-A53D-B3AB50E95CB9}.Debug|Any CPU.ActiveCfg = Debug|Any CPU
		{F979CDC5-CCDF-4EBE-A53D-B3AB50E95CB9}.Debug|Any CPU.Build.0 = Debug|Any CPU
		{F979CDC5-CCDF-4EBE-A53D-B3AB50E95CB9}.Release|Any CPU.ActiveCfg = Release|Any CPU
		{F979CDC5-CCDF-4EBE-A53D-B3AB50E95CB9}.Release|Any CPU.Build.0 = Release|Any CPU
		{D3B3F577-4FAF-4080-91C4-F76F3D0C22DE}.Debug|Any CPU.ActiveCfg = Debug|Any CPU
		{D3B3F577-4FAF-4080-91C4-F76F3D0C22DE}.Debug|Any CPU.Build.0 = Debug|Any CPU
		{D3B3F577-4FAF-4080-91C4-F76F3D0C22DE}.Release|Any CPU.ActiveCfg = Release|Any CPU
		{D3B3F577-4FAF-4080-91C4-F76F3D0C22DE}.Release|Any CPU.Build.0 = Release|Any CPU
		{4FC4095C-57B5-44CB-8EFD-86D627EC909C}.Debug|Any CPU.ActiveCfg = Debug|Any CPU
		{4FC4095C-57B5-44CB-8EFD-86D627EC909C}.Debug|Any CPU.Build.0 = Debug|Any CPU
		{4FC4095C-57B5-44CB-8EFD-86D627EC909C}.Release|Any CPU.ActiveCfg = Release|Any CPU
		{4FC4095C-57B5-44CB-8EFD-86D627EC909C}.Release|Any CPU.Build.0 = Release|Any CPU
	EndGlobalSection
	GlobalSection(NestedProjects) = preSolution
		{FCA942C8-FD71-40F0-A86B-E5775CAA5FD0} = {294838DA-C74C-422A-9262-47E5FCBCD934}
		{70CB3618-C194-4BA2-BCA2-469FEA991A88} = {294838DA-C74C-422A-9262-47E5FCBCD934}
		{417B0312-503D-4C6D-9139-7623988F876E} = {294838DA-C74C-422A-9262-47E5FCBCD934}
		{A0CDBD0E-3A41-42B7-9425-A838BC2C7383} = {294838DA-C74C-422A-9262-47E5FCBCD934}
		{69D6F8AA-9B49-4097-9F8C-21F849F17321} = {F697D481-F1B9-4EF0-B526-692CDD7450BE}
		{B4F2E994-8D4D-4B7D-856F-4FC1CABA5B16} = {C00E6FF3-568C-42FF-95CD-3A40CCD5B061}
		{9DD1DEA9-9744-4C37-B48F-BD31FEB1ABF7} = {294838DA-C74C-422A-9262-47E5FCBCD934}
		{C905F7A0-5987-452D-BD0B-2A92D669458A} = {9DD1DEA9-9744-4C37-B48F-BD31FEB1ABF7}
		{DC932708-35BD-459E-9FFB-4FD1EEE2B967} = {9DD1DEA9-9744-4C37-B48F-BD31FEB1ABF7}
		{61527DFD-F737-4A4D-8459-CBCAB5DCE8B0} = {C00E6FF3-568C-42FF-95CD-3A40CCD5B061}
		{EE77D6D7-5EFC-4B76-92DD-2D5D3ED05CAF} = {AC97AEDA-12FE-44D1-947E-91BA732FAA7B}
		{F979CDC5-CCDF-4EBE-A53D-B3AB50E95CB9} = {F697D481-F1B9-4EF0-B526-692CDD7450BE}
		{D3B3F577-4FAF-4080-91C4-F76F3D0C22DE} = {F697D481-F1B9-4EF0-B526-692CDD7450BE}
		{4FC4095C-57B5-44CB-8EFD-86D627EC909C} = {294838DA-C74C-422A-9262-47E5FCBCD934}
	EndGlobalSection
EndGlobal
